
Microsoft Visual Studio Solution File, Format Version 12.00
# Visual Studio Version 16
VisualStudioVersion = 16.0.30114.105
MinimumVisualStudioVersion = 10.0.40219.1
Project("{FAE04EC0-301F-11D3-BF4B-00C04F79EFBC}") = "DataIntegration", "DataIntegration\DataIntegration.csproj", "{F8DE73FF-AB32-4802-A062-E41B263F06B4}"
EndProject
Project("{FAE04EC0-301F-11D3-BF4B-00C04F79EFBC}") = "DataIntegration.tests", "DataIntegration.tests\DataIntegration.tests.csproj", "{73ED6F8F-2C7D-452A-A3D2-F2E2F1BA37BC}"
EndProject
Global
	GlobalSection(SolutionConfigurationPlatforms) = preSolution
		Debug|Any CPU = Debug|Any CPU
		Release|Any CPU = Release|Any CPU
	EndGlobalSection
	GlobalSection(SolutionProperties) = preSolution
		HideSolutionNode = FALSE
	EndGlobalSection
	GlobalSection(ProjectConfigurationPlatforms) = postSolution
		{F8DE73FF-AB32-4802-A062-E41B263F06B4}.Debug|Any CPU.ActiveCfg = Debug|Any CPU
		{F8DE73FF-AB32-4802-A062-E41B263F06B4}.Debug|Any CPU.Build.0 = Debug|Any CPU
		{F8DE73FF-AB32-4802-A062-E41B263F06B4}.Release|Any CPU.ActiveCfg = Release|Any CPU
		{F8DE73FF-AB32-4802-A062-E41B263F06B4}.Release|Any CPU.Build.0 = Release|Any CPU
		{73ED6F8F-2C7D-452A-A3D2-F2E2F1BA37BC}.Debug|Any CPU.ActiveCfg = Debug|Any CPU
		{73ED6F8F-2C7D-452A-A3D2-F2E2F1BA37BC}.Debug|Any CPU.Build.0 = Debug|Any CPU
		{73ED6F8F-2C7D-452A-A3D2-F2E2F1BA37BC}.Release|Any CPU.ActiveCfg = Release|Any CPU
		{73ED6F8F-2C7D-452A-A3D2-F2E2F1BA37BC}.Release|Any CPU.Build.0 = Release|Any CPU
	EndGlobalSection
EndGlobal
